
Microsoft Visual Studio Solution File, Format Version 12.00
# Visual Studio 15
VisualStudioVersion = 15.0.28010.2036
MinimumVisualStudioVersion = 10.0.40219.1
Project("{FAE04EC0-301F-11D3-BF4B-00C04F79EFBC}") = "ClientWebApi", "ClientWebApi\ClientWebApi.csproj", "{7E351C74-FA9A-412C-A8B1-B76CA4EFC1B6}"
EndProject
Global
	GlobalSection(SolutionConfigurationPlatforms) = preSolution
		Debug|Any CPU = Debug|Any CPU
		Release|Any CPU = Release|Any CPU
	EndGlobalSection
	GlobalSection(ProjectConfigurationPlatforms) = postSolution
		{7E351C74-FA9A-412C-A8B1-B76CA4EFC1B6}.Debug|Any CPU.ActiveCfg = Debug|Any CPU
		{7E351C74-FA9A-412C-A8B1-B76CA4EFC1B6}.Debug|Any CPU.Build.0 = Debug|Any CPU
		{7E351C74-FA9A-412C-A8B1-B76CA4EFC1B6}.Release|Any CPU.ActiveCfg = Release|Any CPU
		{7E351C74-FA9A-412C-A8B1-B76CA4EFC1B6}.Release|Any CPU.Build.0 = Release|Any CPU
	EndGlobalSection
	GlobalSection(SolutionProperties) = preSolution
		HideSolutionNode = FALSE
	EndGlobalSection
	GlobalSection(ExtensibilityGlobals) = postSolution
		SolutionGuid = {24DD48DD-5001-4840-A0D5-262EC7687C2D}
	EndGlobalSection
EndGlobal
